
Microsoft Visual Studio Solution File, Format Version 12.00
# Visual Studio Version 17
VisualStudioVersion = 17.10.35122.118
MinimumVisualStudioVersion = 10.0.40219.1
Project("{FAE04EC0-301F-11D3-BF4B-00C04F79EFBC}") = "SHARCarPhysicsObjectGenerator", "SHARCarPhysicsObjectGenerator\SHARCarPhysicsObjectGenerator.csproj", "{79D8FF16-AA71-4E05-9F2B-4E1F239B2596}"
EndProject
Project("{9A19103F-16F7-4668-BE54-9A1E7A4F7556}") = "NetP3DLib", "..\NetP3DLib\NetP3DLib\NetP3DLib\NetP3DLib.csproj", "{5E5D2729-AAF5-422A-A009-BA05F1E5D5D7}"
EndProject
Global
	GlobalSection(SolutionConfigurationPlatforms) = preSolution
		Debug|Any CPU = Debug|Any CPU
		Release|Any CPU = Release|Any CPU
	EndGlobalSection
	GlobalSection(ProjectConfigurationPlatforms) = postSolution
		{79D8FF16-AA71-4E05-9F2B-4E1F239B2596}.Debug|Any CPU.ActiveCfg = Debug|Any CPU
		{79D8FF16-AA71-4E05-9F2B-4E1F239B2596}.Debug|Any CPU.Build.0 = Debug|Any CPU
		{79D8FF16-AA71-4E05-9F2B-4E1F239B2596}.Release|Any CPU.ActiveCfg = Release|Any CPU
		{79D8FF16-AA71-4E05-9F2B-4E1F239B2596}.Release|Any CPU.Build.0 = Release|Any CPU
		{5E5D2729-AAF5-422A-A009-BA05F1E5D5D7}.Debug|Any CPU.ActiveCfg = Debug|Any CPU
		{5E5D2729-AAF5-422A-A009-BA05F1E5D5D7}.Debug|Any CPU.Build.0 = Debug|Any CPU
		{5E5D2729-AAF5-422A-A009-BA05F1E5D5D7}.Release|Any CPU.ActiveCfg = Release|Any CPU
		{5E5D2729-AAF5-422A-A009-BA05F1E5D5D7}.Release|Any CPU.Build.0 = Release|Any CPU
	EndGlobalSection
	GlobalSection(SolutionProperties) = preSolution
		HideSolutionNode = FALSE
	EndGlobalSection
	GlobalSection(ExtensibilityGlobals) = postSolution
		SolutionGuid = {94171FDB-E1DE-478F-8209-94838F8EF654}
	EndGlobalSection
EndGlobal
